
Microsoft Visual Studio Solution File, Format Version 12.00
# Visual Studio 15
VisualStudioVersion = 15.0.28010.2016
MinimumVisualStudioVersion = 10.0.40219.1
Project("{FAE04EC0-301F-11D3-BF4B-00C04F79EFBC}") = "McssWebsite", "McssWebsite\McssWebsite.csproj", "{BC3346E2-80ED-49A9-B7E6-5FDCA64C7DC2}"
EndProject
Global
	GlobalSection(SolutionConfigurationPlatforms) = preSolution
		Debug|Any CPU = Debug|Any CPU
		Release|Any CPU = Release|Any CPU
	EndGlobalSection
	GlobalSection(ProjectConfigurationPlatforms) = postSolution
		{BC3346E2-80ED-49A9-B7E6-5FDCA64C7DC2}.Debug|Any CPU.ActiveCfg = Debug|Any CPU
		{BC3346E2-80ED-49A9-B7E6-5FDCA64C7DC2}.Debug|Any CPU.Build.0 = Debug|Any CPU
		{BC3346E2-80ED-49A9-B7E6-5FDCA64C7DC2}.Release|Any CPU.ActiveCfg = Release|Any CPU
		{BC3346E2-80ED-49A9-B7E6-5FDCA64C7DC2}.Release|Any CPU.Build.0 = Release|Any CPU
	EndGlobalSection
	GlobalSection(SolutionProperties) = preSolution
		HideSolutionNode = FALSE
	EndGlobalSection
	GlobalSection(ExtensibilityGlobals) = postSolution
		SolutionGuid = {AA223412-9CB2-4C5A-A712-AF6874D18B76}
	EndGlobalSection
EndGlobal
